{
  "requires": true,
  "lockfileVersion": 1,
  "dependencies": {
    "@citation-js/plugin-csl": {
      "version": "0.5.1",
      "resolved": "https://registry.npmjs.org/@citation-js/plugin-csl/-/plugin-csl-0.5.1.tgz",
      "integrity": "sha512-rRWlGBRq9iIG2A/J2+vMWNnjseYQa0jdfuGq3x2FmqfAipZS91qL2o/88GUE7DLY0qpzP2STmcZHMUShAmMz1A==",
      "requires": {
        "citeproc": "^2.4.6"
      }
    },
    "citeproc": {
      "version": "2.4.59",
      "resolved": "https://registry.npmjs.org/citeproc/-/citeproc-2.4.59.tgz",
      "integrity": "sha512-BoOk7hu2ORheW2TT//Xj6AFnyP9CuVuQ6THBYTRXO3wEYTMviPbcyXFiZ/tPg5bijvvvVa4gPJRVnipQ0y2aKw=="
    }
  }
}
