{
  "name": "UCL-Portal",
  "version": "1.0.0",
  "lockfileVersion": 3,
  "requires": true,
  "packages": {
    "": {
      "name": "UCL-Portal",
      "version": "1.0.0",
      "dependencies": {
        "astrocite": "^0.16.4"
      }
    },
    "node_modules/astrocite": {
      "version": "0.16.4",
      "resolved": "https://registry.npmjs.org/astrocite/-/astrocite-0.16.4.tgz",
      "integrity": "sha512-SnBVQWjjyDvzfCJ5U/yc1H2SqibutvnZ5fG0waG5dCUt2w9HMEZbsdZN3iezlUHRW14gL/0wAFURiy1TTfOqgQ==",
      "dependencies": {
        "astrocite-bibtex": "^0.16.4",
        "astrocite-eutils": "^0.16.4",
        "astrocite-googlebooks": "^0.16.0",
        "astrocite-ris": "^0.16.4"
      }
    },
    "node_modules/astrocite-bibtex": {
      "version": "0.16.4",
      "resolved": "https://registry.npmjs.org/astrocite-bibtex/-/astrocite-bibtex-0.16.4.tgz",
      "integrity": "sha512-5u6uNPDzqxYoJL4x2ekGeZbcBPCIHUt3JBKX0nurpOfHzJjP8SMuVO6u/fcUaG92XPoa/oKhUAFHvtwFab49iQ==",
      "dependencies": {
        "astrocite-core": "^0.16.0",
        "csl-json": "^0.1.0"
      }
    },
    "node_modules/astrocite-core": {
      "version": "0.16.0",
      "resolved": "https://registry.npmjs.org/astrocite-core/-/astrocite-core-0.16.0.tgz",
      "integrity": "sha512-+NOD5Wqtcf89htPyI0iOeaPaTjncbHgBQaF3Yp6Y0l8ynJJzrweZuHVRlX8vBeaxzy+yptI91+w+Lt+ir20pnw==",
      "dependencies": {
        "csl-json": "^0.1.0"
      }
    },
    "node_modules/astrocite-eutils": {
      "version": "0.16.4",
      "resolved": "https://registry.npmjs.org/astrocite-eutils/-/astrocite-eutils-0.16.4.tgz",
      "integrity": "sha512-TMBxlSQR0Ot9Ai8JG0N5/TFbGJoEP7q6/VhCNuN6Fyg5a7mk58OiAuLg23eXsAdU404OSnpdnVSDMs+m45VcWg==",
      "dependencies": {
        "astrocite-core": "^0.16.0",
        "csl-json": "^0.1.0",
        "he": "^1.2.0"
      }
    },
    "node_modules/astrocite-googlebooks": {
      "version": "0.16.0",
      "resolved": "https://registry.npmjs.org/astrocite-googlebooks/-/astrocite-googlebooks-0.16.0.tgz",
      "integrity": "sha512-BSDnRrHItsF2UAKx0NALi7dHvm04vsmAOwsrvwFha55+frj56WH3g6eRd+Jc8nMjDDzcWht1r6pDi+whJ+8XxA==",
      "dependencies": {
        "astrocite-core": "^0.16.0",
        "csl-json": "^0.1.0"
      }
    },
    "node_modules/astrocite-ris": {
      "version": "0.16.4",
      "resolved": "https://registry.npmjs.org/astrocite-ris/-/astrocite-ris-0.16.4.tgz",
      "integrity": "sha512-O6TjeuJGugxhn07JQSmTl3zTXS67crQr99pXbq+0XYRS+8Z+kYMVJNe6Eam2VZKFl4t6E3jm+0rZN2aUmsSAGA==",
      "dependencies": {
        "astrocite-core": "^0.16.0",
        "csl-json": "^0.1.0"
      }
    },
    "node_modules/csl-json": {
      "version": "0.1.0",
      "resolved": "https://registry.npmjs.org/csl-json/-/csl-json-0.1.0.tgz",
      "integrity": "sha512-KMvcQ07H0kMpzl2aO1mgyp+F+LVk+z+QMpN01noMUv0Uu4mqg4KyJjeM2u2716qU9ZgPq1Kr30DXqhT4RuEg1w=="
    },
    "node_modules/he": {
      "version": "1.2.0",
      "resolved": "https://registry.npmjs.org/he/-/he-1.2.0.tgz",
      "integrity": "sha512-F/1DnUGPopORZi0ni+CvrCgHQ5FyEAHRLSApuYWMmrbSwoN2Mn/7k+Gl38gJnR7yyDZk6WLXwiGod1JOWNDKGw==",
      "bin": {
        "he": "bin/he"
      }
    }
  }
}
